
Microsoft Visual Studio Solution File, Format Version 12.00
# Visual Studio Version 16
VisualStudioVersion = 16.0.29806.167
MinimumVisualStudioVersion = 10.0.40219.1
Project("{9A19103F-16F7-4668-BE54-9A1E7A4F7556}") = "CEMS.API", "CEMS.API\CEMS.API.csproj", "{AE3305D7-DE35-4833-8397-EC0B1B753E7B}"
EndProject
Project("{9A19103F-16F7-4668-BE54-9A1E7A4F7556}") = "CEMS.Core", "CEMS.Core\CEMS.Core.csproj", "{914FF645-90B3-44B2-AD38-8B325C3A2F3B}"
EndProject
Project("{9A19103F-16F7-4668-BE54-9A1E7A4F7556}") = "CEMS.Infrastructure", "CEMS.Infrastructure\CEMS.Infrastructure.csproj", "{AC0895ED-F164-4EDE-8BF0-49C4D2F218A3}"
EndProject
Project("{FAE04EC0-301F-11D3-BF4B-00C04F79EFBC}") = "CEMS.Tests", "CEMS.Tests\CEMS.Tests.csproj", "{E885771A-576E-444A-9073-F31406A03E5E}"
EndProject
Global
	GlobalSection(SolutionConfigurationPlatforms) = preSolution
		Debug|Any CPU = Debug|Any CPU
		Release|Any CPU = Release|Any CPU
	EndGlobalSection
	GlobalSection(ProjectConfigurationPlatforms) = postSolution
		{AE3305D7-DE35-4833-8397-EC0B1B753E7B}.Debug|Any CPU.ActiveCfg = Debug|Any CPU
		{AE3305D7-DE35-4833-8397-EC0B1B753E7B}.Debug|Any CPU.Build.0 = Debug|Any CPU
		{AE3305D7-DE35-4833-8397-EC0B1B753E7B}.Release|Any CPU.ActiveCfg = Release|Any CPU
		{AE3305D7-DE35-4833-8397-EC0B1B753E7B}.Release|Any CPU.Build.0 = Release|Any CPU
		{914FF645-90B3-44B2-AD38-8B325C3A2F3B}.Debug|Any CPU.ActiveCfg = Debug|Any CPU
		{914FF645-90B3-44B2-AD38-8B325C3A2F3B}.Debug|Any CPU.Build.0 = Debug|Any CPU
		{914FF645-90B3-44B2-AD38-8B325C3A2F3B}.Release|Any CPU.ActiveCfg = Release|Any CPU
		{914FF645-90B3-44B2-AD38-8B325C3A2F3B}.Release|Any CPU.Build.0 = Release|Any CPU
		{AC0895ED-F164-4EDE-8BF0-49C4D2F218A3}.Debug|Any CPU.ActiveCfg = Debug|Any CPU
		{AC0895ED-F164-4EDE-8BF0-49C4D2F218A3}.Debug|Any CPU.Build.0 = Debug|Any CPU
		{AC0895ED-F164-4EDE-8BF0-49C4D2F218A3}.Release|Any CPU.ActiveCfg = Release|Any CPU
		{AC0895ED-F164-4EDE-8BF0-49C4D2F218A3}.Release|Any CPU.Build.0 = Release|Any CPU
		{E885771A-576E-444A-9073-F31406A03E5E}.Debug|Any CPU.ActiveCfg = Debug|Any CPU
		{E885771A-576E-444A-9073-F31406A03E5E}.Debug|Any CPU.Build.0 = Debug|Any CPU
		{E885771A-576E-444A-9073-F31406A03E5E}.Release|Any CPU.ActiveCfg = Release|Any CPU
		{E885771A-576E-444A-9073-F31406A03E5E}.Release|Any CPU.Build.0 = Release|Any CPU
	EndGlobalSection
	GlobalSection(SolutionProperties) = preSolution
		HideSolutionNode = FALSE
	EndGlobalSection
	GlobalSection(ExtensibilityGlobals) = postSolution
		SolutionGuid = {FFEA385A-6F36-4FEB-851A-600FB517EA8D}
	EndGlobalSection
EndGlobal
